// !$*UTF8*$!
{
	archiveVersion = 1;
	classes = {
	};
	objectVersion = 46;
	objects = {

/* Begin PBXBuildFile section */
		E367617B1CA67BFD00AF45DC /* main.m in Sources */ = {isa = PBXBuildFile; fileRef = E367617A1CA67BFD00AF45DC /* main.m */; };
		E367617E1CA67BFD00AF45DC /* AppDelegate.m in Sources */ = {isa = PBXBuildFile; fileRef = E367617D1CA67BFD00AF45DC /* AppDelegate.m */; };
		E36761811CA67BFD00AF45DC /* ViewController.m in Sources */ = {isa = PBXBuildFile; fileRef = E36761801CA67BFD00AF45DC /* ViewController.m */; };
		E36761841CA67BFD00AF45DC /* Main.storyboard in Resources */ = {isa = PBXBuildFile; fileRef = E36761821CA67BFD00AF45DC /* Main.storyboard */; };
		E36761861CA67BFD00AF45DC /* Assets.xcassets in Resources */ = {isa = PBXBuildFile; fileRef = E36761851CA67BFD00AF45DC /* Assets.xcassets */; };
		E36761891CA67BFD00AF45DC /* LaunchScreen.storyboard in Resources */ = {isa = PBXBuildFile; fileRef = E36761871CA67BFD00AF45DC /* LaunchScreen.storyboard */; };
		E36761931CA6872900AF45DC /* HTImagePickerController.m in Sources */ = {isa = PBXBuildFile; fileRef = E36761921CA6872900AF45DC /* HTImagePickerController.m */; };
		E36761961CA68F1D00AF45DC /* HTAlbumsTableViewController.m in Sources */ = {isa = PBXBuildFile; fileRef = E36761951CA68F1D00AF45DC /* HTAlbumsTableViewController.m */; };
		E36761991CA690D800AF45DC /* HTAlbumsTableViewCell.m in Sources */ = {isa = PBXBuildFile; fileRef = E36761981CA690D800AF45DC /* HTAlbumsTableViewCell.m */; };
/* End PBXBuildFile section */

/* Begin PBXFileReference section */
		E36761761CA67BFD00AF45DC /* HTImagePicker.app */ = {isa = PBXFileReference; explicitFileType = wrapper.application; includeInIndex = 0; path = HTImagePicker.app; sourceTree = BUILT_PRODUCTS_DIR; };
		E367617A1CA67BFD00AF45DC /* main.m */ = {isa = PBXFileReference; lastKnownFileType = sourcecode.c.objc; path = main.m; sourceTree = "<group>"; };
		E367617C1CA67BFD00AF45DC /* AppDelegate.h */ = {isa = PBXFileReference; lastKnownFileType = sourcecode.c.h; path = AppDelegate.h; sourceTree = "<group>"; };
		E367617D1CA67BFD00AF45DC /* AppDelegate.m */ = {isa = PBXFileReference; lastKnownFileType = sourcecode.c.objc; path = AppDelegate.m; sourceTree = "<group>"; };
		E367617F1CA67BFD00AF45DC /* ViewController.h */ = {isa = PBXFileReference; lastKnownFileType = sourcecode.c.h; path = ViewController.h; sourceTree = "<group>"; };
		E36761801CA67BFD00AF45DC /* ViewController.m */ = {isa = PBXFileReference; lastKnownFileType = sourcecode.c.objc; path = ViewController.m; sourceTree = "<group>"; };
		E36761831CA67BFD00AF45DC /* Base */ = {isa = PBXFileReference; lastKnownFileType = file.storyboard; name = Base; path = Base.lproj/Main.storyboard; sourceTree = "<group>"; };
		E36761851CA67BFD00AF45DC /* Assets.xcassets */ = {isa = PBXFileReference; lastKnownFileType = folder.assetcatalog; path = Assets.xcassets; sourceTree = "<group>"; };
		E36761881CA67BFD00AF45DC /* Base */ = {isa = PBXFileReference; lastKnownFileType = file.storyboard; name = Base; path = Base.lproj/LaunchScreen.storyboard; sourceTree = "<group>"; };
		E367618A1CA67BFD00AF45DC /* Info.plist */ = {isa = PBXFileReference; lastKnownFileType = text.plist.xml; path = Info.plist; sourceTree = "<group>"; };
		E36761911CA6872900AF45DC /* HTImagePickerController.h */ = {isa = PBXFileReference; fileEncoding = 4; lastKnownFileType = sourcecode.c.h; path = HTImagePickerController.h; sourceTree = "<group>"; };
		E36761921CA6872900AF45DC /* HTImagePickerController.m */ = {isa = PBXFileReference; fileEncoding = 4; lastKnownFileType = sourcecode.c.objc; path = HTImagePickerController.m; sourceTree = "<group>"; };
		E36761941CA68F1D00AF45DC /* HTAlbumsTableViewController.h */ = {isa = PBXFileReference; fileEncoding = 4; lastKnownFileType = sourcecode.c.h; path = HTAlbumsTableViewController.h; sourceTree = "<group>"; };
		E36761951CA68F1D00AF45DC /* HTAlbumsTableViewController.m */ = {isa = PBXFileReference; fileEncoding = 4; lastKnownFileType = sourcecode.c.objc; path = HTAlbumsTableViewController.m; sourceTree = "<group>"; };
		E36761971CA690D800AF45DC /* HTAlbumsTableViewCell.h */ = {isa = PBXFileReference; fileEncoding = 4; lastKnownFileType = sourcecode.c.h; path = HTAlbumsTableViewCell.h; sourceTree = "<group>"; };
		E36761981CA690D800AF45DC /* HTAlbumsTableViewCell.m */ = {isa = PBXFileReference; fileEncoding = 4; lastKnownFileType = sourcecode.c.objc; path = HTAlbumsTableViewCell.m; sourceTree = "<group>"; };
/* End PBXFileReference section */

/* Begin PBXFrameworksBuildPhase section */
		E36761731CA67BFD00AF45DC /* Frameworks */ = {
			isa = PBXFrameworksBuildPhase;
			buildActionMask = 2147483647;
			files = (
			);
			runOnlyForDeploymentPostprocessing = 0;
		};
/* End PBXFrameworksBuildPhase section */

/* Begin PBXGroup section */
		E367616D1CA67BFD00AF45DC = {
			isa = PBXGroup;
			children = (
				E36761781CA67BFD00AF45DC /* HTImagePicker */,
				E36761771CA67BFD00AF45DC /* Products */,
			);
			sourceTree = "<group>";
		};
		E36761771CA67BFD00AF45DC /* Products */ = {
			isa = PBXGroup;
			children = (
				E36761761CA67BFD00AF45DC /* HTImagePicker.app */,
			);
			name = Products;
			sourceTree = "<group>";
		};
		E36761781CA67BFD00AF45DC /* HTImagePicker */ = {
			isa = PBXGroup;
			children = (
				E36761901CA67D4A00AF45DC /* HTImagePicker */,
				E367617C1CA67BFD00AF45DC /* AppDelegate.h */,
				E367617D1CA67BFD00AF45DC /* AppDelegate.m */,
				E367617F1CA67BFD00AF45DC /* ViewController.h */,
				E36761801CA67BFD00AF45DC /* ViewController.m */,
				E36761821CA67BFD00AF45DC /* Main.storyboard */,
				E36761851CA67BFD00AF45DC /* Assets.xcassets */,
				E36761871CA67BFD00AF45DC /* LaunchScreen.storyboard */,
				E367618A1CA67BFD00AF45DC /* Info.plist */,
				E36761791CA67BFD00AF45DC /* Supporting Files */,
			);
			path = HTImagePicker;
			sourceTree = "<group>";
		};
		E36761791CA67BFD00AF45DC /* Supporting Files */ = {
			isa = PBXGroup;
			children = (
				E367617A1CA67BFD00AF45DC /* main.m */,
			);
			name = "Supporting Files";
			sourceTree = "<group>";
		};
		E36761901CA67D4A00AF45DC /* HTImagePicker */ = {
			isa = PBXGroup;
			children = (
				E36761911CA6872900AF45DC /* HTImagePickerController.h */,
				E36761921CA6872900AF45DC /* HTImagePickerController.m */,
				E36761941CA68F1D00AF45DC /* HTAlbumsTableViewController.h */,
				E36761951CA68F1D00AF45DC /* HTAlbumsTableViewController.m */,
				E36761971CA690D800AF45DC /* HTAlbumsTableViewCell.h */,
				E36761981CA690D800AF45DC /* HTAlbumsTableViewCell.m */,
			);
			path = HTImagePicker;
			sourceTree = "<group>";
		};
/* End PBXGroup section */

/* Begin PBXNativeTarget section */
		E36761751CA67BFD00AF45DC /* HTImagePicker */ = {
			isa = PBXNativeTarget;
			buildConfigurationList = E367618D1CA67BFD00AF45DC /* Build configuration list for PBXNativeTarget "HTImagePicker" */;
			buildPhases = (
				E36761721CA67BFD00AF45DC /* Sources */,
				E36761731CA67BFD00AF45DC /* Frameworks */,
				E36761741CA67BFD00AF45DC /* Resources */,
			);
			buildRules = (
			);
			dependencies = (
			);
			name = HTImagePicker;
			productName = HTImagePicker;
			productReference = E36761761CA67BFD00AF45DC /* HTImagePicker.app */;
			productType = "com.apple.product-type.application";
		};
/* End PBXNativeTarget section */

/* Begin PBXProject section */
		E367616E1CA67BFD00AF45DC /* Project object */ = {
			isa = PBXProject;
			attributes = {
				LastUpgradeCheck = 0710;
				ORGANIZATIONNAME = godHands;
				TargetAttributes = {
					E36761751CA67BFD00AF45DC = {
						CreatedOnToolsVersion = 7.1;
					};
				};
			};
			buildConfigurationList = E36761711CA67BFD00AF45DC /* Build configuration list for PBXProject "HTImagePicker" */;
			compatibilityVersion = "Xcode 3.2";
			developmentRegion = English;
			hasScannedForEncodings = 0;
			knownRegions = (
				en,
				Base,
			);
			mainGroup = E367616D1CA67BFD00AF45DC;
			productRefGroup = E36761771CA67BFD00AF45DC /* Products */;
			projectDirPath = "";
			projectRoot = "";
			targets = (
				E36761751CA67BFD00AF45DC /* HTImagePicker */,
			);
		};
/* End PBXProject section */

/* Begin PBXResourcesBuildPhase section */
		E36761741CA67BFD00AF45DC /* Resources */ = {
			isa = PBXResourcesBuildPhase;
			buildActionMask = 2147483647;
			files = (
				E36761891CA67BFD00AF45DC /* LaunchScreen.storyboard in Resources */,
				E36761861CA67BFD00AF45DC /* Assets.xcassets in Resources */,
				E36761841CA67BFD00AF45DC /* Main.storyboard in Resources */,
			);
			runOnlyForDeploymentPostprocessing = 0;
		};
/* End PBXResourcesBuildPhase section */

/* Begin PBXSourcesBuildPhase section */
		E36761721CA67BFD00AF45DC /* Sources */ = {
			isa = PBXSourcesBuildPhase;
			buildActionMask = 2147483647;
			files = (
				E36761811CA67BFD00AF45DC /* ViewController.m in Sources */,
				E36761931CA6872900AF45DC /* HTImagePickerController.m in Sources */,
				E367617E1CA67BFD00AF45DC /* AppDelegate.m in Sources */,
				E36761961CA68F1D00AF45DC /* HTAlbumsTableViewController.m in Sources */,
				E367617B1CA67BFD00AF45DC /* main.m in Sources */,
				E36761991CA690D800AF45DC /* HTAlbumsTableViewCell.m in Sources */,
			);
			runOnlyForDeploymentPostprocessing = 0;
		};
/* End PBXSourcesBuildPhase section */

/* Begin PBXVariantGroup section */
		E36761821CA67BFD00AF45DC /* Main.storyboard */ = {
			isa = PBXVariantGroup;
			children = (
				E36761831CA67BFD00AF45DC /* Base */,
			);
			name = Main.storyboard;
			sourceTree = "<group>";
		};
		E36761871CA67BFD00AF45DC /* LaunchScreen.storyboard */ = {
			isa = PBXVariantGroup;
			children = (
				E36761881CA67BFD00AF45DC /* Base */,
			);
			name = LaunchScreen.storyboard;
			sourceTree = "<group>";
		};
/* End PBXVariantGroup section */

/* Begin XCBuildConfiguration section */
		E367618B1CA67BFD00AF45DC /* Debug */ = {
			isa = XCBuildConfiguration;
			buildSettings = {
				ALWAYS_SEARCH_USER_PATHS = NO;
				CLANG_CXX_LANGUAGE_STANDARD = "gnu++0x";
				CLANG_CXX_LIBRARY = "libc++";
				CLANG_ENABLE_MODULES = YES;
				CLANG_ENABLE_OBJC_ARC = YES;
				CLANG_WARN_BOOL_CONVERSION = YES;
				CLANG_WARN_CONSTANT_CONVERSION = YES;
				CLANG_WARN_DIRECT_OBJC_ISA_USAGE = YES_ERROR;
				CLANG_WARN_EMPTY_BODY = YES;
				CLANG_WARN_ENUM_CONVERSION = YES;
				CLANG_WARN_INT_CONVERSION = YES;
				CLANG_WARN_OBJC_ROOT_CLASS = YES_ERROR;
				CLANG_WARN_UNREACHABLE_CODE = YES;
				CLANG_WARN__DUPLICATE_METHOD_MATCH = YES;
				"CODE_SIGN_IDENTITY[sdk=iphoneos*]" = "iPhone Developer";
				COPY_PHASE_STRIP = NO;
				DEBUG_INFORMATION_FORMAT = dwarf;
				ENABLE_STRICT_OBJC_MSGSEND = YES;
				ENABLE_TESTABILITY = YES;
				GCC_C_LANGUAGE_STANDARD = gnu99;
				GCC_DYNAMIC_NO_PIC = NO;
				GCC_NO_COMMON_BLOCKS = YES;
				GCC_OPTIMIZATION_LEVEL = 0;
				GCC_PREPROCESSOR_DEFINITIONS = (
					"DEBUG=1",
					"$(inherited)",
				);
				GCC_WARN_64_TO_32_BIT_CONVERSION = YES;
				GCC_WARN_ABOUT_RETURN_TYPE = YES_ERROR;
				GCC_WARN_UNDECLARED_SELECTOR = YES;
				GCC_WARN_UNINITIALIZED_AUTOS = YES_AGGRESSIVE;
				GCC_WARN_UNUSED_FUNCTION = YES;
				GCC_WARN_UNUSED_VARIABLE = YES;
				IPHONEOS_DEPLOYMENT_TARGET = 9.1;
				MTL_ENABLE_DEBUG_INFO = YES;
				ONLY_ACTIVE_ARCH = YES;
				SDKROOT = iphoneos;
			};
			name = Debug;
		};
		E367618C1CA67BFD00AF45DC /* Release */ = {
			isa = XCBuildConfiguration;
			buildSettings = {
				ALWAYS_SEARCH_USER_PATHS = NO;
				CLANG_CXX_LANGUAGE_STANDARD = "gnu++0x";
				CLANG_CXX_LIBRARY = "libc++";
				CLANG_ENABLE_MODULES = YES;
				CLANG_ENABLE_OBJC_ARC = YES;
				CLANG_WARN_BOOL_CONVERSION = YES;
				CLANG_WARN_CONSTANT_CONVERSION = YES;
				CLANG_WARN_DIRECT_OBJC_ISA_USAGE = YES_ERROR;
				CLANG_WARN_EMPTY_BODY = YES;
				CLANG_WARN_ENUM_CONVERSION = YES;
				CLANG_WARN_INT_CONVERSION = YES;
				CLANG_WARN_OBJC_ROOT_CLASS = YES_ERROR;
				CLANG_WARN_UNREACHABLE_CODE = YES;
				CLANG_WARN__DUPLICATE_METHOD_MATCH = YES;
				"CODE_SIGN_IDENTITY[sdk=iphoneos*]" = "iPhone Developer";
				COPY_PHASE_STRIP = NO;
				DEBUG_INFORMATION_FORMAT = "dwarf-with-dsym";
				ENABLE_NS_ASSERTIONS = NO;
				ENABLE_STRICT_OBJC_MSGSEND = YES;
				GCC_C_LANGUAGE_STANDARD = gnu99;
				GCC_NO_COMMON_BLOCKS = YES;
				GCC_WARN_64_TO_32_BIT_CONVERSION = YES;
				GCC_WARN_ABOUT_RETURN_TYPE = YES_ERROR;
				GCC_WARN_UNDECLARED_SELECTOR = YES;
				GCC_WARN_UNINITIALIZED_AUTOS = YES_AGGRESSIVE;
				GCC_WARN_UNUSED_FUNCTION = YES;
				GCC_WARN_UNUSED_VARIABLE = YES;
				IPHONEOS_DEPLOYMENT_TARGET = 9.1;
				MTL_ENABLE_DEBUG_INFO = NO;
				SDKROOT = iphoneos;
				VALIDATE_PRODUCT = YES;
			};
			name = Release;
		};
		E367618E1CA67BFD00AF45DC /* Debug */ = {
			isa = XCBuildConfiguration;
			buildSettings = {
				ASSETCATALOG_COMPILER_APPICON_NAME = AppIcon;
				INFOPLIST_FILE = HTImagePicker/Info.plist;
				LD_RUNPATH_SEARCH_PATHS = "$(inherited) @executable_path/Frameworks";
				PRODUCT_BUNDLE_IDENTIFIER = com.github.scl.HTImagePicker;
				PRODUCT_NAME = "$(TARGET_NAME)";
			};
			name = Debug;
		};
		E367618F1CA67BFD00AF45DC /* Release */ = {
			isa = XCBuildConfiguration;
			buildSettings = {
				ASSETCATALOG_COMPILER_APPICON_NAME = AppIcon;
				INFOPLIST_FILE = HTImagePicker/Info.plist;
				LD_RUNPATH_SEARCH_PATHS = "$(inherited) @executable_path/Frameworks";
				PRODUCT_BUNDLE_IDENTIFIER = com.github.scl.HTImagePicker;
				PRODUCT_NAME = "$(TARGET_NAME)";
			};
			name = Release;
		};
/* End XCBuildConfiguration section */

/* Begin XCConfigurationList section */
		E36761711CA67BFD00AF45DC /* Build configuration list for PBXProject "HTImagePicker" */ = {
			isa = XCConfigurationList;
			buildConfigurations = (
				E367618B1CA67BFD00AF45DC /* Debug */,
				E367618C1CA67BFD00AF45DC /* Release */,
			);
			defaultConfigurationIsVisible = 0;
			defaultConfigurationName = Release;
		};
		E367618D1CA67BFD00AF45DC /* Build configuration list for PBXNativeTarget "HTImagePicker" */ = {
			isa = XCConfigurationList;
			buildConfigurations = (
				E367618E1CA67BFD00AF45DC /* Debug */,
				E367618F1CA67BFD00AF45DC /* Release */,
			);
			defaultConfigurationIsVisible = 0;
		};
/* End XCConfigurationList section */
	};
	rootObject = E367616E1CA67BFD00AF45DC /* Project object */;
}
